// !$*UTF8*$!
{
	archiveVersion = 1;
	classes = {
	};
	objectVersion = 48;
	objects = {

/* Begin PBXBuildFile section */
		7A061ACF1FB21AB3006330A4 /* AppDelegate.swift in Sources */ = {isa = PBXBuildFile; fileRef = 7A061ACE1FB21AB3006330A4 /* AppDelegate.swift */; };
		7A061AD11FB21AB3006330A4 /* DocumentBrowserViewController.swift in Sources */ = {isa = PBXBuildFile; fileRef = 7A061AD01FB21AB3006330A4 /* DocumentBrowserViewController.swift */; };
		7A061AD31FB21AB3006330A4 /* DocumentViewController.swift in Sources */ = {isa = PBXBuildFile; fileRef = 7A061AD21FB21AB3006330A4 /* DocumentViewController.swift */; };
		7A061AD51FB21AB3006330A4 /* Document.swift in Sources */ = {isa = PBXBuildFile; fileRef = 7A061AD41FB21AB3006330A4 /* Document.swift */; };
		7A061AD81FB21AB3006330A4 /* Main.storyboard in Resources */ = {isa = PBXBuildFile; fileRef = 7A061AD61FB21AB3006330A4 /* Main.storyboard */; };
		7A061ADA1FB21AB3006330A4 /* Assets.xcassets in Resources */ = {isa = PBXBuildFile; fileRef = 7A061AD91FB21AB3006330A4 /* Assets.xcassets */; };
		7A061ADD1FB21AB3006330A4 /* LaunchScreen.storyboard in Resources */ = {isa = PBXBuildFile; fileRef = 7A061ADB1FB21AB3006330A4 /* LaunchScreen.storyboard */; };
		7A061AE81FB21AB3006330A4 /* iOSDocumentTests.swift in Sources */ = {isa = PBXBuildFile; fileRef = 7A061AE71FB21AB3006330A4 /* iOSDocumentTests.swift */; };
		7A061AF31FB21AB3006330A4 /* iOSDocumentUITests.swift in Sources */ = {isa = PBXBuildFile; fileRef = 7A061AF21FB21AB3006330A4 /* iOSDocumentUITests.swift */; };
		7A061B051FB250A6006330A4 /* Layer.swift in Sources */ = {isa = PBXBuildFile; fileRef = 7A061B041FB250A6006330A4 /* Layer.swift */; };
		7A061B071FB25138006330A4 /* PathShape.swift in Sources */ = {isa = PBXBuildFile; fileRef = 7A061B061FB25138006330A4 /* PathShape.swift */; };
		7A061B091FB2517F006330A4 /* FreehandTool.swift in Sources */ = {isa = PBXBuildFile; fileRef = 7A061B081FB2517F006330A4 /* FreehandTool.swift */; };
		7A061B0B1FB2519E006330A4 /* Tool.swift in Sources */ = {isa = PBXBuildFile; fileRef = 7A061B0A1FB2519E006330A4 /* Tool.swift */; };
		7A061B0D1FB26771006330A4 /* Drawing.swift in Sources */ = {isa = PBXBuildFile; fileRef = 7A061B0C1FB26771006330A4 /* Drawing.swift */; };
		7A061B0F1FB26FD8006330A4 /* DrawingView.swift in Sources */ = {isa = PBXBuildFile; fileRef = 7A061B0E1FB26FD8006330A4 /* DrawingView.swift */; };
/* End PBXBuildFile section */

/* Begin PBXContainerItemProxy section */
		7A061AE41FB21AB3006330A4 /* PBXContainerItemProxy */ = {
			isa = PBXContainerItemProxy;
			containerPortal = 7A061AC31FB21AB3006330A4 /* Project object */;
			proxyType = 1;
			remoteGlobalIDString = 7A061ACA1FB21AB3006330A4;
			remoteInfo = iOSDocument;
		};
		7A061AEF1FB21AB3006330A4 /* PBXContainerItemProxy */ = {
			isa = PBXContainerItemProxy;
			containerPortal = 7A061AC31FB21AB3006330A4 /* Project object */;
			proxyType = 1;
			remoteGlobalIDString = 7A061ACA1FB21AB3006330A4;
			remoteInfo = iOSDocument;
		};
/* End PBXContainerItemProxy section */

/* Begin PBXFileReference section */
		7A061ACB1FB21AB3006330A4 /* iOSDocument.app */ = {isa = PBXFileReference; explicitFileType = wrapper.application; includeInIndex = 0; path = iOSDocument.app; sourceTree = BUILT_PRODUCTS_DIR; };
		7A061ACE1FB21AB3006330A4 /* AppDelegate.swift */ = {isa = PBXFileReference; lastKnownFileType = sourcecode.swift; path = AppDelegate.swift; sourceTree = "<group>"; };
		7A061AD01FB21AB3006330A4 /* DocumentBrowserViewController.swift */ = {isa = PBXFileReference; lastKnownFileType = sourcecode.swift; path = DocumentBrowserViewController.swift; sourceTree = "<group>"; };
		7A061AD21FB21AB3006330A4 /* DocumentViewController.swift */ = {isa = PBXFileReference; lastKnownFileType = sourcecode.swift; path = DocumentViewController.swift; sourceTree = "<group>"; };
		7A061AD41FB21AB3006330A4 /* Document.swift */ = {isa = PBXFileReference; lastKnownFileType = sourcecode.swift; path = Document.swift; sourceTree = "<group>"; };
		7A061AD71FB21AB3006330A4 /* Base */ = {isa = PBXFileReference; lastKnownFileType = file.storyboard; name = Base; path = Base.lproj/Main.storyboard; sourceTree = "<group>"; };
		7A061AD91FB21AB3006330A4 /* Assets.xcassets */ = {isa = PBXFileReference; lastKnownFileType = folder.assetcatalog; path = Assets.xcassets; sourceTree = "<group>"; };
		7A061ADC1FB21AB3006330A4 /* Base */ = {isa = PBXFileReference; lastKnownFileType = file.storyboard; name = Base; path = Base.lproj/LaunchScreen.storyboard; sourceTree = "<group>"; };
		7A061ADE1FB21AB3006330A4 /* Info.plist */ = {isa = PBXFileReference; lastKnownFileType = text.plist.xml; path = Info.plist; sourceTree = "<group>"; };
		7A061AE31FB21AB3006330A4 /* iOSDocumentTests.xctest */ = {isa = PBXFileReference; explicitFileType = wrapper.cfbundle; includeInIndex = 0; path = iOSDocumentTests.xctest; sourceTree = BUILT_PRODUCTS_DIR; };
		7A061AE71FB21AB3006330A4 /* iOSDocumentTests.swift */ = {isa = PBXFileReference; lastKnownFileType = sourcecode.swift; path = iOSDocumentTests.swift; sourceTree = "<group>"; };
		7A061AE91FB21AB3006330A4 /* Info.plist */ = {isa = PBXFileReference; lastKnownFileType = text.plist.xml; path = Info.plist; sourceTree = "<group>"; };
		7A061AEE1FB21AB3006330A4 /* iOSDocumentUITests.xctest */ = {isa = PBXFileReference; explicitFileType = wrapper.cfbundle; includeInIndex = 0; path = iOSDocumentUITests.xctest; sourceTree = BUILT_PRODUCTS_DIR; };
		7A061AF21FB21AB3006330A4 /* iOSDocumentUITests.swift */ = {isa = PBXFileReference; lastKnownFileType = sourcecode.swift; path = iOSDocumentUITests.swift; sourceTree = "<group>"; };
		7A061AF41FB21AB3006330A4 /* Info.plist */ = {isa = PBXFileReference; lastKnownFileType = text.plist.xml; path = Info.plist; sourceTree = "<group>"; };
		7A061B001FB222E6006330A4 /* iOSDocument.entitlements */ = {isa = PBXFileReference; lastKnownFileType = text.plist.entitlements; path = iOSDocument.entitlements; sourceTree = "<group>"; };
		7A061B041FB250A6006330A4 /* Layer.swift */ = {isa = PBXFileReference; lastKnownFileType = sourcecode.swift; path = Layer.swift; sourceTree = "<group>"; };
		7A061B061FB25138006330A4 /* PathShape.swift */ = {isa = PBXFileReference; lastKnownFileType = sourcecode.swift; path = PathShape.swift; sourceTree = "<group>"; };
		7A061B081FB2517F006330A4 /* FreehandTool.swift */ = {isa = PBXFileReference; lastKnownFileType = sourcecode.swift; path = FreehandTool.swift; sourceTree = "<group>"; };
		7A061B0A1FB2519E006330A4 /* Tool.swift */ = {isa = PBXFileReference; lastKnownFileType = sourcecode.swift; path = Tool.swift; sourceTree = "<group>"; };
		7A061B0C1FB26771006330A4 /* Drawing.swift */ = {isa = PBXFileReference; lastKnownFileType = sourcecode.swift; path = Drawing.swift; sourceTree = "<group>"; };
		7A061B0E1FB26FD8006330A4 /* DrawingView.swift */ = {isa = PBXFileReference; lastKnownFileType = sourcecode.swift; path = DrawingView.swift; sourceTree = "<group>"; };
/* End PBXFileReference section */

/* Begin PBXFrameworksBuildPhase section */
		7A061AC81FB21AB3006330A4 /* Frameworks */ = {
			isa = PBXFrameworksBuildPhase;
			buildActionMask = 2147483647;
			files = (
			);
			runOnlyForDeploymentPostprocessing = 0;
		};
		7A061AE01FB21AB3006330A4 /* Frameworks */ = {
			isa = PBXFrameworksBuildPhase;
			buildActionMask = 2147483647;
			files = (
			);
			runOnlyForDeploymentPostprocessing = 0;
		};
		7A061AEB1FB21AB3006330A4 /* Frameworks */ = {
			isa = PBXFrameworksBuildPhase;
			buildActionMask = 2147483647;
			files = (
			);
			runOnlyForDeploymentPostprocessing = 0;
		};
/* End PBXFrameworksBuildPhase section */

/* Begin PBXGroup section */
		7A061AC21FB21AB3006330A4 = {
			isa = PBXGroup;
			children = (
				7A061ACD1FB21AB3006330A4 /* iOSDocument */,
				7A061AE61FB21AB3006330A4 /* iOSDocumentTests */,
				7A061AF11FB21AB3006330A4 /* iOSDocumentUITests */,
				7A061ACC1FB21AB3006330A4 /* Products */,
			);
			sourceTree = "<group>";
		};
		7A061ACC1FB21AB3006330A4 /* Products */ = {
			isa = PBXGroup;
			children = (
				7A061ACB1FB21AB3006330A4 /* iOSDocument.app */,
				7A061AE31FB21AB3006330A4 /* iOSDocumentTests.xctest */,
				7A061AEE1FB21AB3006330A4 /* iOSDocumentUITests.xctest */,
			);
			name = Products;
			sourceTree = "<group>";
		};
		7A061ACD1FB21AB3006330A4 /* iOSDocument */ = {
			isa = PBXGroup;
			children = (
				7A061B111FB2B959006330A4 /* Document */,
				7A061B031FB25084006330A4 /* Model */,
				7A061B101FB2B939006330A4 /* Views */,
				7A061B001FB222E6006330A4 /* iOSDocument.entitlements */,
				7A061ACE1FB21AB3006330A4 /* AppDelegate.swift */,
				7A061AD61FB21AB3006330A4 /* Main.storyboard */,
				7A061AD91FB21AB3006330A4 /* Assets.xcassets */,
				7A061ADB1FB21AB3006330A4 /* LaunchScreen.storyboard */,
				7A061ADE1FB21AB3006330A4 /* Info.plist */,
			);
			path = iOSDocument;
			sourceTree = "<group>";
		};
		7A061AE61FB21AB3006330A4 /* iOSDocumentTests */ = {
			isa = PBXGroup;
			children = (
				7A061AE71FB21AB3006330A4 /* iOSDocumentTests.swift */,
				7A061AE91FB21AB3006330A4 /* Info.plist */,
			);
			path = iOSDocumentTests;
			sourceTree = "<group>";
		};
		7A061AF11FB21AB3006330A4 /* iOSDocumentUITests */ = {
			isa = PBXGroup;
			children = (
				7A061AF21FB21AB3006330A4 /* iOSDocumentUITests.swift */,
				7A061AF41FB21AB3006330A4 /* Info.plist */,
			);
			path = iOSDocumentUITests;
			sourceTree = "<group>";
		};
		7A061B031FB25084006330A4 /* Model */ = {
			isa = PBXGroup;
			children = (
				7A061B041FB250A6006330A4 /* Layer.swift */,
				7A061B0C1FB26771006330A4 /* Drawing.swift */,
				7A061B061FB25138006330A4 /* PathShape.swift */,
				7A061B0A1FB2519E006330A4 /* Tool.swift */,
				7A061B081FB2517F006330A4 /* FreehandTool.swift */,
			);
			path = Model;
			sourceTree = "<group>";
		};
		7A061B101FB2B939006330A4 /* Views */ = {
			isa = PBXGroup;
			children = (
				7A061B0E1FB26FD8006330A4 /* DrawingView.swift */,
			);
			path = Views;
			sourceTree = "<group>";
		};
		7A061B111FB2B959006330A4 /* Document */ = {
			isa = PBXGroup;
			children = (
				7A061AD01FB21AB3006330A4 /* DocumentBrowserViewController.swift */,
				7A061AD21FB21AB3006330A4 /* DocumentViewController.swift */,
				7A061AD41FB21AB3006330A4 /* Document.swift */,
			);
			path = Document;
			sourceTree = "<group>";
		};
/* End PBXGroup section */

/* Begin PBXNativeTarget section */
		7A061ACA1FB21AB3006330A4 /* iOSDocument */ = {
			isa = PBXNativeTarget;
			buildConfigurationList = 7A061AF71FB21AB3006330A4 /* Build configuration list for PBXNativeTarget "iOSDocument" */;
			buildPhases = (
				7A061AC71FB21AB3006330A4 /* Sources */,
				7A061AC81FB21AB3006330A4 /* Frameworks */,
				7A061AC91FB21AB3006330A4 /* Resources */,
			);
			buildRules = (
			);
			dependencies = (
			);
			name = iOSDocument;
			productName = iOSDocument;
			productReference = 7A061ACB1FB21AB3006330A4 /* iOSDocument.app */;
			productType = "com.apple.product-type.application";
		};
		7A061AE21FB21AB3006330A4 /* iOSDocumentTests */ = {
			isa = PBXNativeTarget;
			buildConfigurationList = 7A061AFA1FB21AB3006330A4 /* Build configuration list for PBXNativeTarget "iOSDocumentTests" */;
			buildPhases = (
				7A061ADF1FB21AB3006330A4 /* Sources */,
				7A061AE01FB21AB3006330A4 /* Frameworks */,
				7A061AE11FB21AB3006330A4 /* Resources */,
			);
			buildRules = (
			);
			dependencies = (
				7A061AE51FB21AB3006330A4 /* PBXTargetDependency */,
			);
			name = iOSDocumentTests;
			productName = iOSDocumentTests;
			productReference = 7A061AE31FB21AB3006330A4 /* iOSDocumentTests.xctest */;
			productType = "com.apple.product-type.bundle.unit-test";
		};
		7A061AED1FB21AB3006330A4 /* iOSDocumentUITests */ = {
			isa = PBXNativeTarget;
			buildConfigurationList = 7A061AFD1FB21AB3006330A4 /* Build configuration list for PBXNativeTarget "iOSDocumentUITests" */;
			buildPhases = (
				7A061AEA1FB21AB3006330A4 /* Sources */,
				7A061AEB1FB21AB3006330A4 /* Frameworks */,
				7A061AEC1FB21AB3006330A4 /* Resources */,
			);
			buildRules = (
			);
			dependencies = (
				7A061AF01FB21AB3006330A4 /* PBXTargetDependency */,
			);
			name = iOSDocumentUITests;
			productName = iOSDocumentUITests;
			productReference = 7A061AEE1FB21AB3006330A4 /* iOSDocumentUITests.xctest */;
			productType = "com.apple.product-type.bundle.ui-testing";
		};
/* End PBXNativeTarget section */

/* Begin PBXProject section */
		7A061AC31FB21AB3006330A4 /* Project object */ = {
			isa = PBXProject;
			attributes = {
				LastSwiftUpdateCheck = 0910;
				LastUpgradeCheck = 0910;
				ORGANIZATIONNAME = "Cinespan, Inc.";
				TargetAttributes = {
					7A061ACA1FB21AB3006330A4 = {
						CreatedOnToolsVersion = 9.1;
						ProvisioningStyle = Automatic;
						SystemCapabilities = {
							com.apple.iCloud = {
								enabled = 1;
							};
						};
					};
					7A061AE21FB21AB3006330A4 = {
						CreatedOnToolsVersion = 9.1;
						ProvisioningStyle = Automatic;
						TestTargetID = 7A061ACA1FB21AB3006330A4;
					};
					7A061AED1FB21AB3006330A4 = {
						CreatedOnToolsVersion = 9.1;
						ProvisioningStyle = Automatic;
						TestTargetID = 7A061ACA1FB21AB3006330A4;
					};
				};
			};
			buildConfigurationList = 7A061AC61FB21AB3006330A4 /* Build configuration list for PBXProject "iOSDocument" */;
			compatibilityVersion = "Xcode 8.0";
			developmentRegion = en;
			hasScannedForEncodings = 0;
			knownRegions = (
				en,
				Base,
			);
			mainGroup = 7A061AC21FB21AB3006330A4;
			productRefGroup = 7A061ACC1FB21AB3006330A4 /* Products */;
			projectDirPath = "";
			projectRoot = "";
			targets = (
				7A061ACA1FB21AB3006330A4 /* iOSDocument */,
				7A061AE21FB21AB3006330A4 /* iOSDocumentTests */,
				7A061AED1FB21AB3006330A4 /* iOSDocumentUITests */,
			);
		};
/* End PBXProject section */

/* Begin PBXResourcesBuildPhase section */
		7A061AC91FB21AB3006330A4 /* Resources */ = {
			isa = PBXResourcesBuildPhase;
			buildActionMask = 2147483647;
			files = (
				7A061ADD1FB21AB3006330A4 /* LaunchScreen.storyboard in Resources */,
				7A061ADA1FB21AB3006330A4 /* Assets.xcassets in Resources */,
				7A061AD81FB21AB3006330A4 /* Main.storyboard in Resources */,
			);
			runOnlyForDeploymentPostprocessing = 0;
		};
		7A061AE11FB21AB3006330A4 /* Resources */ = {
			isa = PBXResourcesBuildPhase;
			buildActionMask = 2147483647;
			files = (
			);
			runOnlyForDeploymentPostprocessing = 0;
		};
		7A061AEC1FB21AB3006330A4 /* Resources */ = {
			isa = PBXResourcesBuildPhase;
			buildActionMask = 2147483647;
			files = (
			);
			runOnlyForDeploymentPostprocessing = 0;
		};
/* End PBXResourcesBuildPhase section */

/* Begin PBXSourcesBuildPhase section */
		7A061AC71FB21AB3006330A4 /* Sources */ = {
			isa = PBXSourcesBuildPhase;
			buildActionMask = 2147483647;
			files = (
				7A061B071FB25138006330A4 /* PathShape.swift in Sources */,
				7A061AD51FB21AB3006330A4 /* Document.swift in Sources */,
				7A061AD31FB21AB3006330A4 /* DocumentViewController.swift in Sources */,
				7A061B0B1FB2519E006330A4 /* Tool.swift in Sources */,
				7A061B051FB250A6006330A4 /* Layer.swift in Sources */,
				7A061B0D1FB26771006330A4 /* Drawing.swift in Sources */,
				7A061AD11FB21AB3006330A4 /* DocumentBrowserViewController.swift in Sources */,
				7A061B0F1FB26FD8006330A4 /* DrawingView.swift in Sources */,
				7A061B091FB2517F006330A4 /* FreehandTool.swift in Sources */,
				7A061ACF1FB21AB3006330A4 /* AppDelegate.swift in Sources */,
			);
			runOnlyForDeploymentPostprocessing = 0;
		};
		7A061ADF1FB21AB3006330A4 /* Sources */ = {
			isa = PBXSourcesBuildPhase;
			buildActionMask = 2147483647;
			files = (
				7A061AE81FB21AB3006330A4 /* iOSDocumentTests.swift in Sources */,
			);
			runOnlyForDeploymentPostprocessing = 0;
		};
		7A061AEA1FB21AB3006330A4 /* Sources */ = {
			isa = PBXSourcesBuildPhase;
			buildActionMask = 2147483647;
			files = (
				7A061AF31FB21AB3006330A4 /* iOSDocumentUITests.swift in Sources */,
			);
			runOnlyForDeploymentPostprocessing = 0;
		};
/* End PBXSourcesBuildPhase section */

/* Begin PBXTargetDependency section */
		7A061AE51FB21AB3006330A4 /* PBXTargetDependency */ = {
			isa = PBXTargetDependency;
			target = 7A061ACA1FB21AB3006330A4 /* iOSDocument */;
			targetProxy = 7A061AE41FB21AB3006330A4 /* PBXContainerItemProxy */;
		};
		7A061AF01FB21AB3006330A4 /* PBXTargetDependency */ = {
			isa = PBXTargetDependency;
			target = 7A061ACA1FB21AB3006330A4 /* iOSDocument */;
			targetProxy = 7A061AEF1FB21AB3006330A4 /* PBXContainerItemProxy */;
		};
/* End PBXTargetDependency section */

/* Begin PBXVariantGroup section */
		7A061AD61FB21AB3006330A4 /* Main.storyboard */ = {
			isa = PBXVariantGroup;
			children = (
				7A061AD71FB21AB3006330A4 /* Base */,
			);
			name = Main.storyboard;
			sourceTree = "<group>";
		};
		7A061ADB1FB21AB3006330A4 /* LaunchScreen.storyboard */ = {
			isa = PBXVariantGroup;
			children = (
				7A061ADC1FB21AB3006330A4 /* Base */,
			);
			name = LaunchScreen.storyboard;
			sourceTree = "<group>";
		};
/* End PBXVariantGroup section */

/* Begin XCBuildConfiguration section */
		7A061AF51FB21AB3006330A4 /* Debug */ = {
			isa = XCBuildConfiguration;
			buildSettings = {
				ALWAYS_SEARCH_USER_PATHS = NO;
				CLANG_ANALYZER_NONNULL = YES;
				CLANG_ANALYZER_NUMBER_OBJECT_CONVERSION = YES_AGGRESSIVE;
				CLANG_CXX_LANGUAGE_STANDARD = "gnu++14";
				CLANG_CXX_LIBRARY = "libc++";
				CLANG_ENABLE_MODULES = YES;
				CLANG_ENABLE_OBJC_ARC = YES;
				CLANG_WARN_BLOCK_CAPTURE_AUTORELEASING = YES;
				CLANG_WARN_BOOL_CONVERSION = YES;
				CLANG_WARN_COMMA = YES;
				CLANG_WARN_CONSTANT_CONVERSION = YES;
				CLANG_WARN_DIRECT_OBJC_ISA_USAGE = YES_ERROR;
				CLANG_WARN_DOCUMENTATION_COMMENTS = YES;
				CLANG_WARN_EMPTY_BODY = YES;
				CLANG_WARN_ENUM_CONVERSION = YES;
				CLANG_WARN_INFINITE_RECURSION = YES;
				CLANG_WARN_INT_CONVERSION = YES;
				CLANG_WARN_NON_LITERAL_NULL_CONVERSION = YES;
				CLANG_WARN_OBJC_LITERAL_CONVERSION = YES;
				CLANG_WARN_OBJC_ROOT_CLASS = YES_ERROR;
				CLANG_WARN_RANGE_LOOP_ANALYSIS = YES;
				CLANG_WARN_STRICT_PROTOTYPES = YES;
				CLANG_WARN_SUSPICIOUS_MOVE = YES;
				CLANG_WARN_UNGUARDED_AVAILABILITY = YES_AGGRESSIVE;
				CLANG_WARN_UNREACHABLE_CODE = YES;
				CLANG_WARN__DUPLICATE_METHOD_MATCH = YES;
				CODE_SIGN_IDENTITY = "iPhone Developer";
				COPY_PHASE_STRIP = NO;
				DEBUG_INFORMATION_FORMAT = dwarf;
				ENABLE_STRICT_OBJC_MSGSEND = YES;
				ENABLE_TESTABILITY = YES;
				GCC_C_LANGUAGE_STANDARD = gnu11;
				GCC_DYNAMIC_NO_PIC = NO;
				GCC_NO_COMMON_BLOCKS = YES;
				GCC_OPTIMIZATION_LEVEL = 0;
				GCC_PREPROCESSOR_DEFINITIONS = (
					"DEBUG=1",
					"$(inherited)",
				);
				GCC_WARN_64_TO_32_BIT_CONVERSION = YES;
				GCC_WARN_ABOUT_RETURN_TYPE = YES_ERROR;
				GCC_WARN_UNDECLARED_SELECTOR = YES;
				GCC_WARN_UNINITIALIZED_AUTOS = YES_AGGRESSIVE;
				GCC_WARN_UNUSED_FUNCTION = YES;
				GCC_WARN_UNUSED_VARIABLE = YES;
				IPHONEOS_DEPLOYMENT_TARGET = 11.1;
				MTL_ENABLE_DEBUG_INFO = YES;
				ONLY_ACTIVE_ARCH = YES;
				SDKROOT = iphoneos;
				SWIFT_ACTIVE_COMPILATION_CONDITIONS = DEBUG;
				SWIFT_OPTIMIZATION_LEVEL = "-Onone";
			};
			name = Debug;
		};
		7A061AF61FB21AB3006330A4 /* Release */ = {
			isa = XCBuildConfiguration;
			buildSettings = {
				ALWAYS_SEARCH_USER_PATHS = NO;
				CLANG_ANALYZER_NONNULL = YES;
				CLANG_ANALYZER_NUMBER_OBJECT_CONVERSION = YES_AGGRESSIVE;
				CLANG_CXX_LANGUAGE_STANDARD = "gnu++14";
				CLANG_CXX_LIBRARY = "libc++";
				CLANG_ENABLE_MODULES = YES;
				CLANG_ENABLE_OBJC_ARC = YES;
				CLANG_WARN_BLOCK_CAPTURE_AUTORELEASING = YES;
				CLANG_WARN_BOOL_CONVERSION = YES;
				CLANG_WARN_COMMA = YES;
				CLANG_WARN_CONSTANT_CONVERSION = YES;
				CLANG_WARN_DIRECT_OBJC_ISA_USAGE = YES_ERROR;
				CLANG_WARN_DOCUMENTATION_COMMENTS = YES;
				CLANG_WARN_EMPTY_BODY = YES;
				CLANG_WARN_ENUM_CONVERSION = YES;
				CLANG_WARN_INFINITE_RECURSION = YES;
				CLANG_WARN_INT_CONVERSION = YES;
				CLANG_WARN_NON_LITERAL_NULL_CONVERSION = YES;
				CLANG_WARN_OBJC_LITERAL_CONVERSION = YES;
				CLANG_WARN_OBJC_ROOT_CLASS = YES_ERROR;
				CLANG_WARN_RANGE_LOOP_ANALYSIS = YES;
				CLANG_WARN_STRICT_PROTOTYPES = YES;
				CLANG_WARN_SUSPICIOUS_MOVE = YES;
				CLANG_WARN_UNGUARDED_AVAILABILITY = YES_AGGRESSIVE;
				CLANG_WARN_UNREACHABLE_CODE = YES;
				CLANG_WARN__DUPLICATE_METHOD_MATCH = YES;
				CODE_SIGN_IDENTITY = "iPhone Developer";
				COPY_PHASE_STRIP = NO;
				DEBUG_INFORMATION_FORMAT = "dwarf-with-dsym";
				ENABLE_NS_ASSERTIONS = NO;
				ENABLE_STRICT_OBJC_MSGSEND = YES;
				GCC_C_LANGUAGE_STANDARD = gnu11;
				GCC_NO_COMMON_BLOCKS = YES;
				GCC_WARN_64_TO_32_BIT_CONVERSION = YES;
				GCC_WARN_ABOUT_RETURN_TYPE = YES_ERROR;
				GCC_WARN_UNDECLARED_SELECTOR = YES;
				GCC_WARN_UNINITIALIZED_AUTOS = YES_AGGRESSIVE;
				GCC_WARN_UNUSED_FUNCTION = YES;
				GCC_WARN_UNUSED_VARIABLE = YES;
				IPHONEOS_DEPLOYMENT_TARGET = 11.1;
				MTL_ENABLE_DEBUG_INFO = NO;
				SDKROOT = iphoneos;
				SWIFT_OPTIMIZATION_LEVEL = "-Owholemodule";
				VALIDATE_PRODUCT = YES;
			};
			name = Release;
		};
		7A061AF81FB21AB3006330A4 /* Debug */ = {
			isa = XCBuildConfiguration;
			buildSettings = {
				ASSETCATALOG_COMPILER_APPICON_NAME = AppIcon;
				CODE_SIGN_ENTITLEMENTS = iOSDocument/iOSDocument.entitlements;
				CODE_SIGN_STYLE = Automatic;
				DEVELOPMENT_TEAM = 4948B232M9;
				INFOPLIST_FILE = iOSDocument/Info.plist;
				LD_RUNPATH_SEARCH_PATHS = "$(inherited) @executable_path/Frameworks";
				PRODUCT_BUNDLE_IDENTIFIER = Cinespan.iOSDocument;
				PRODUCT_NAME = "$(TARGET_NAME)";
				SWIFT_VERSION = 4.0;
				TARGETED_DEVICE_FAMILY = "1,2";
			};
			name = Debug;
		};
		7A061AF91FB21AB3006330A4 /* Release */ = {
			isa = XCBuildConfiguration;
			buildSettings = {
				ASSETCATALOG_COMPILER_APPICON_NAME = AppIcon;
				CODE_SIGN_ENTITLEMENTS = iOSDocument/iOSDocument.entitlements;
				CODE_SIGN_STYLE = Automatic;
				DEVELOPMENT_TEAM = 4948B232M9;
				INFOPLIST_FILE = iOSDocument/Info.plist;
				LD_RUNPATH_SEARCH_PATHS = "$(inherited) @executable_path/Frameworks";
				PRODUCT_BUNDLE_IDENTIFIER = Cinespan.iOSDocument;
				PRODUCT_NAME = "$(TARGET_NAME)";
				SWIFT_VERSION = 4.0;
				TARGETED_DEVICE_FAMILY = "1,2";
			};
			name = Release;
		};
		7A061AFB1FB21AB3006330A4 /* Debug */ = {
			isa = XCBuildConfiguration;
			buildSettings = {
				ALWAYS_EMBED_SWIFT_STANDARD_LIBRARIES = YES;
				BUNDLE_LOADER = "$(TEST_HOST)";
				CODE_SIGN_STYLE = Automatic;
				DEVELOPMENT_TEAM = 4948B232M9;
				INFOPLIST_FILE = iOSDocumentTests/Info.plist;
				LD_RUNPATH_SEARCH_PATHS = "$(inherited) @executable_path/Frameworks @loader_path/Frameworks";
				PRODUCT_BUNDLE_IDENTIFIER = Cinespan.iOSDocumentTests;
				PRODUCT_NAME = "$(TARGET_NAME)";
				SWIFT_VERSION = 4.0;
				TARGETED_DEVICE_FAMILY = "1,2";
				TEST_HOST = "$(BUILT_PRODUCTS_DIR)/iOSDocument.app/iOSDocument";
			};
			name = Debug;
		};
		7A061AFC1FB21AB3006330A4 /* Release */ = {
			isa = XCBuildConfiguration;
			buildSettings = {
				ALWAYS_EMBED_SWIFT_STANDARD_LIBRARIES = YES;
				BUNDLE_LOADER = "$(TEST_HOST)";
				CODE_SIGN_STYLE = Automatic;
				DEVELOPMENT_TEAM = 4948B232M9;
				INFOPLIST_FILE = iOSDocumentTests/Info.plist;
				LD_RUNPATH_SEARCH_PATHS = "$(inherited) @executable_path/Frameworks @loader_path/Frameworks";
				PRODUCT_BUNDLE_IDENTIFIER = Cinespan.iOSDocumentTests;
				PRODUCT_NAME = "$(TARGET_NAME)";
				SWIFT_VERSION = 4.0;
				TARGETED_DEVICE_FAMILY = "1,2";
				TEST_HOST = "$(BUILT_PRODUCTS_DIR)/iOSDocument.app/iOSDocument";
			};
			name = Release;
		};
		7A061AFE1FB21AB3006330A4 /* Debug */ = {
			isa = XCBuildConfiguration;
			buildSettings = {
				ALWAYS_EMBED_SWIFT_STANDARD_LIBRARIES = YES;
				CODE_SIGN_STYLE = Automatic;
				DEVELOPMENT_TEAM = 4948B232M9;
				INFOPLIST_FILE = iOSDocumentUITests/Info.plist;
				LD_RUNPATH_SEARCH_PATHS = "$(inherited) @executable_path/Frameworks @loader_path/Frameworks";
				PRODUCT_BUNDLE_IDENTIFIER = Cinespan.iOSDocumentUITests;
				PRODUCT_NAME = "$(TARGET_NAME)";
				SWIFT_VERSION = 4.0;
				TARGETED_DEVICE_FAMILY = "1,2";
				TEST_TARGET_NAME = iOSDocument;
			};
			name = Debug;
		};
		7A061AFF1FB21AB3006330A4 /* Release */ = {
			isa = XCBuildConfiguration;
			buildSettings = {
				ALWAYS_EMBED_SWIFT_STANDARD_LIBRARIES = YES;
				CODE_SIGN_STYLE = Automatic;
				DEVELOPMENT_TEAM = 4948B232M9;
				INFOPLIST_FILE = iOSDocumentUITests/Info.plist;
				LD_RUNPATH_SEARCH_PATHS = "$(inherited) @executable_path/Frameworks @loader_path/Frameworks";
				PRODUCT_BUNDLE_IDENTIFIER = Cinespan.iOSDocumentUITests;
				PRODUCT_NAME = "$(TARGET_NAME)";
				SWIFT_VERSION = 4.0;
				TARGETED_DEVICE_FAMILY = "1,2";
				TEST_TARGET_NAME = iOSDocument;
			};
			name = Release;
		};
/* End XCBuildConfiguration section */

/* Begin XCConfigurationList section */
		7A061AC61FB21AB3006330A4 /* Build configuration list for PBXProject "iOSDocument" */ = {
			isa = XCConfigurationList;
			buildConfigurations = (
				7A061AF51FB21AB3006330A4 /* Debug */,
				7A061AF61FB21AB3006330A4 /* Release */,
			);
			defaultConfigurationIsVisible = 0;
			defaultConfigurationName = Release;
		};
		7A061AF71FB21AB3006330A4 /* Build configuration list for PBXNativeTarget "iOSDocument" */ = {
			isa = XCConfigurationList;
			buildConfigurations = (
				7A061AF81FB21AB3006330A4 /* Debug */,
				7A061AF91FB21AB3006330A4 /* Release */,
			);
			defaultConfigurationIsVisible = 0;
			defaultConfigurationName = Release;
		};
		7A061AFA1FB21AB3006330A4 /* Build configuration list for PBXNativeTarget "iOSDocumentTests" */ = {
			isa = XCConfigurationList;
			buildConfigurations = (
				7A061AFB1FB21AB3006330A4 /* Debug */,
				7A061AFC1FB21AB3006330A4 /* Release */,
			);
			defaultConfigurationIsVisible = 0;
			defaultConfigurationName = Release;
		};
		7A061AFD1FB21AB3006330A4 /* Build configuration list for PBXNativeTarget "iOSDocumentUITests" */ = {
			isa = XCConfigurationList;
			buildConfigurations = (
				7A061AFE1FB21AB3006330A4 /* Debug */,
				7A061AFF1FB21AB3006330A4 /* Release */,
			);
			defaultConfigurationIsVisible = 0;
			defaultConfigurationName = Release;
		};
/* End XCConfigurationList section */
	};
	rootObject = 7A061AC31FB21AB3006330A4 /* Project object */;
}
